// !$*UTF8*$!
{
	archiveVersion = 1;
	classes = {
	};
	objectVersion = 77;
	objects = {

/* Begin PBXContainerItemProxy section */
		EB5C10C72DBAC82500B5AA71 /* PBXContainerItemProxy */ = {
			isa = PBXContainerItemProxy;
			containerPortal = EB5C10B12DBAC82400B5AA71 /* Project object */;
			proxyType = 1;
			remoteGlobalIDString = EB5C10B82DBAC82400B5AA71;
			remoteInfo = KiwiWeatherApp;
		};
		EB5C10D12DBAC82500B5AA71 /* PBXContainerItemProxy */ = {
			isa = PBXContainerItemProxy;
			containerPortal = EB5C10B12DBAC82400B5AA71 /* Project object */;
			proxyType = 1;
			remoteGlobalIDString = EB5C10B82DBAC82400B5AA71;
			remoteInfo = KiwiWeatherApp;
		};
/* End PBXContainerItemProxy section */

/* Begin PBXFileReference section */
		EB5C10B92DBAC82400B5AA71 /* KiwiWeatherApp.app */ = {isa = PBXFileReference; explicitFileType = wrapper.application; includeInIndex = 0; path = KiwiWeatherApp.app; sourceTree = BUILT_PRODUCTS_DIR; };
		EB5C10C62DBAC82500B5AA71 /* KiwiWeatherAppTests.xctest */ = {isa = PBXFileReference; explicitFileType = wrapper.cfbundle; includeInIndex = 0; path = KiwiWeatherAppTests.xctest; sourceTree = BUILT_PRODUCTS_DIR; };
		EB5C10D02DBAC82500B5AA71 /* KiwiWeatherAppUITests.xctest */ = {isa = PBXFileReference; explicitFileType = wrapper.cfbundle; includeInIndex = 0; path = KiwiWeatherAppUITests.xctest; sourceTree = BUILT_PRODUCTS_DIR; };
/* End PBXFileReference section */

/* Begin PBXFileSystemSynchronizedRootGroup section */
		EB5C10BB2DBAC82400B5AA71 /* KiwiWeatherApp */ = {
			isa = PBXFileSystemSynchronizedRootGroup;
			path = KiwiWeatherApp;
			sourceTree = "<group>";
		};
		EB5C10C92DBAC82500B5AA71 /* KiwiWeatherAppTests */ = {
			isa = PBXFileSystemSynchronizedRootGroup;
			path = KiwiWeatherAppTests;
			sourceTree = "<group>";
		};
		EB5C10D32DBAC82500B5AA71 /* KiwiWeatherAppUITests */ = {
			isa = PBXFileSystemSynchronizedRootGroup;
			path = KiwiWeatherAppUITests;
			sourceTree = "<group>";
		};
/* End PBXFileSystemSynchronizedRootGroup section */

/* Begin PBXFrameworksBuildPhase section */
		EB5C10B62DBAC82400B5AA71 /* Frameworks */ = {
			isa = PBXFrameworksBuildPhase;
			buildActionMask = 2147483647;
			files = (
			);
			runOnlyForDeploymentPostprocessing = 0;
		};
		EB5C10C32DBAC82500B5AA71 /* Frameworks */ = {
			isa = PBXFrameworksBuildPhase;
			buildActionMask = 2147483647;
			files = (
			);
			runOnlyForDeploymentPostprocessing = 0;
		};
		EB5C10CD2DBAC82500B5AA71 /* Frameworks */ = {
			isa = PBXFrameworksBuildPhase;
			buildActionMask = 2147483647;
			files = (
			);
			runOnlyForDeploymentPostprocessing = 0;
		};
/* End PBXFrameworksBuildPhase section */

/* Begin PBXGroup section */
		EB5C10B02DBAC82400B5AA71 = {
			isa = PBXGroup;
			children = (
				EB5C10BB2DBAC82400B5AA71 /* KiwiWeatherApp */,
				EB5C10C92DBAC82500B5AA71 /* KiwiWeatherAppTests */,
				EB5C10D32DBAC82500B5AA71 /* KiwiWeatherAppUITests */,
				EB5C10BA2DBAC82400B5AA71 /* Products */,
			);
			sourceTree = "<group>";
		};
		EB5C10BA2DBAC82400B5AA71 /* Products */ = {
			isa = PBXGroup;
			children = (
				EB5C10B92DBAC82400B5AA71 /* KiwiWeatherApp.app */,
				EB5C10C62DBAC82500B5AA71 /* KiwiWeatherAppTests.xctest */,
				EB5C10D02DBAC82500B5AA71 /* KiwiWeatherAppUITests.xctest */,
			);
			name = Products;
			sourceTree = "<group>";
		};
/* End PBXGroup section */

/* Begin PBXNativeTarget section */
		EB5C10B82DBAC82400B5AA71 /* KiwiWeatherApp */ = {
			isa = PBXNativeTarget;
			buildConfigurationList = EB5C10DA2DBAC82500B5AA71 /* Build configuration list for PBXNativeTarget "KiwiWeatherApp" */;
			buildPhases = (
				EB5C10B52DBAC82400B5AA71 /* Sources */,
				EB5C10B62DBAC82400B5AA71 /* Frameworks */,
				EB5C10B72DBAC82400B5AA71 /* Resources */,
			);
			buildRules = (
			);
			dependencies = (
			);
			fileSystemSynchronizedGroups = (
				EB5C10BB2DBAC82400B5AA71 /* KiwiWeatherApp */,
			);
			name = KiwiWeatherApp;
			packageProductDependencies = (
			);
			productName = KiwiWeatherApp;
			productReference = EB5C10B92DBAC82400B5AA71 /* KiwiWeatherApp.app */;
			productType = "com.apple.product-type.application";
		};
		EB5C10C52DBAC82500B5AA71 /* KiwiWeatherAppTests */ = {
			isa = PBXNativeTarget;
			buildConfigurationList = EB5C10DD2DBAC82500B5AA71 /* Build configuration list for PBXNativeTarget "KiwiWeatherAppTests" */;
			buildPhases = (
				EB5C10C22DBAC82500B5AA71 /* Sources */,
				EB5C10C32DBAC82500B5AA71 /* Frameworks */,
				EB5C10C42DBAC82500B5AA71 /* Resources */,
			);
			buildRules = (
			);
			dependencies = (
				EB5C10C82DBAC82500B5AA71 /* PBXTargetDependency */,
			);
			fileSystemSynchronizedGroups = (
				EB5C10C92DBAC82500B5AA71 /* KiwiWeatherAppTests */,
			);
			name = KiwiWeatherAppTests;
			packageProductDependencies = (
			);
			productName = KiwiWeatherAppTests;
			productReference = EB5C10C62DBAC82500B5AA71 /* KiwiWeatherAppTests.xctest */;
			productType = "com.apple.product-type.bundle.unit-test";
		};
		EB5C10CF2DBAC82500B5AA71 /* KiwiWeatherAppUITests */ = {
			isa = PBXNativeTarget;
			buildConfigurationList = EB5C10E02DBAC82500B5AA71 /* Build configuration list for PBXNativeTarget "KiwiWeatherAppUITests" */;
			buildPhases = (
				EB5C10CC2DBAC82500B5AA71 /* Sources */,
				EB5C10CD2DBAC82500B5AA71 /* Frameworks */,
				EB5C10CE2DBAC82500B5AA71 /* Resources */,
			);
			buildRules = (
			);
			dependencies = (
				EB5C10D22DBAC82500B5AA71 /* PBXTargetDependency */,
			);
			fileSystemSynchronizedGroups = (
				EB5C10D32DBAC82500B5AA71 /* KiwiWeatherAppUITests */,
			);
			name = KiwiWeatherAppUITests;
			packageProductDependencies = (
			);
			productName = KiwiWeatherAppUITests;
			productReference = EB5C10D02DBAC82500B5AA71 /* KiwiWeatherAppUITests.xctest */;
			productType = "com.apple.product-type.bundle.ui-testing";
		};
/* End PBXNativeTarget section */

/* Begin PBXProject section */
		EB5C10B12DBAC82400B5AA71 /* Project object */ = {
			isa = PBXProject;
			attributes = {
				BuildIndependentTargetsInParallel = 1;
				LastSwiftUpdateCheck = 1630;
				LastUpgradeCheck = 1630;
				TargetAttributes = {
					EB5C10B82DBAC82400B5AA71 = {
						CreatedOnToolsVersion = 16.3;
					};
					EB5C10C52DBAC82500B5AA71 = {
						CreatedOnToolsVersion = 16.3;
						TestTargetID = EB5C10B82DBAC82400B5AA71;
					};
					EB5C10CF2DBAC82500B5AA71 = {
						CreatedOnToolsVersion = 16.3;
						TestTargetID = EB5C10B82DBAC82400B5AA71;
					};
				};
			};
			buildConfigurationList = EB5C10B42DBAC82400B5AA71 /* Build configuration list for PBXProject "KiwiWeatherApp" */;
			developmentRegion = en;
			hasScannedForEncodings = 0;
			knownRegions = (
				en,
				Base,
			);
			mainGroup = EB5C10B02DBAC82400B5AA71;
			minimizedProjectReferenceProxies = 1;
			preferredProjectObjectVersion = 77;
			productRefGroup = EB5C10BA2DBAC82400B5AA71 /* Products */;
			projectDirPath = "";
			projectRoot = "";
			targets = (
				EB5C10B82DBAC82400B5AA71 /* KiwiWeatherApp */,
				EB5C10C52DBAC82500B5AA71 /* KiwiWeatherAppTests */,
				EB5C10CF2DBAC82500B5AA71 /* KiwiWeatherAppUITests */,
			);
		};
/* End PBXProject section */

/* Begin PBXResourcesBuildPhase section */
		EB5C10B72DBAC82400B5AA71 /* Resources */ = {
			isa = PBXResourcesBuildPhase;
			buildActionMask = 2147483647;
			files = (
			);
			runOnlyForDeploymentPostprocessing = 0;
		};
		EB5C10C42DBAC82500B5AA71 /* Resources */ = {
			isa = PBXResourcesBuildPhase;
			buildActionMask = 2147483647;
			files = (
			);
			runOnlyForDeploymentPostprocessing = 0;
		};
		EB5C10CE2DBAC82500B5AA71 /* Resources */ = {
			isa = PBXResourcesBuildPhase;
			buildActionMask = 2147483647;
			files = (
			);
			runOnlyForDeploymentPostprocessing = 0;
		};
/* End PBXResourcesBuildPhase section */

/* Begin PBXSourcesBuildPhase section */
		EB5C10B52DBAC82400B5AA71 /* Sources */ = {
			isa = PBXSourcesBuildPhase;
			buildActionMask = 2147483647;
			files = (
			);
			runOnlyForDeploymentPostprocessing = 0;
		};
		EB5C10C22DBAC82500B5AA71 /* Sources */ = {
			isa = PBXSourcesBuildPhase;
			buildActionMask = 2147483647;
			files = (
			);
			runOnlyForDeploymentPostprocessing = 0;
		};
		EB5C10CC2DBAC82500B5AA71 /* Sources */ = {
			isa = PBXSourcesBuildPhase;
			buildActionMask = 2147483647;
			files = (
			);
			runOnlyForDeploymentPostprocessing = 0;
		};
/* End PBXSourcesBuildPhase section */

/* Begin PBXTargetDependency section */
		EB5C10C82DBAC82500B5AA71 /* PBXTargetDependency */ = {
			isa = PBXTargetDependency;
			target = EB5C10B82DBAC82400B5AA71 /* KiwiWeatherApp */;
			targetProxy = EB5C10C72DBAC82500B5AA71 /* PBXContainerItemProxy */;
		};
		EB5C10D22DBAC82500B5AA71 /* PBXTargetDependency */ = {
			isa = PBXTargetDependency;
			target = EB5C10B82DBAC82400B5AA71 /* KiwiWeatherApp */;
			targetProxy = EB5C10D12DBAC82500B5AA71 /* PBXContainerItemProxy */;
		};
/* End PBXTargetDependency section */

/* Begin XCBuildConfiguration section */
		EB5C10D82DBAC82500B5AA71 /* Debug */ = {
			isa = XCBuildConfiguration;
			buildSettings = {
				ALWAYS_SEARCH_USER_PATHS = NO;
				ASSETCATALOG_COMPILER_GENERATE_SWIFT_ASSET_SYMBOL_EXTENSIONS = YES;
				CLANG_ANALYZER_NONNULL = YES;
				CLANG_ANALYZER_NUMBER_OBJECT_CONVERSION = YES_AGGRESSIVE;
				CLANG_CXX_LANGUAGE_STANDARD = "gnu++20";
				CLANG_ENABLE_MODULES = YES;
				CLANG_ENABLE_OBJC_ARC = YES;
				CLANG_ENABLE_OBJC_WEAK = YES;
				CLANG_WARN_BLOCK_CAPTURE_AUTORELEASING = YES;
				CLANG_WARN_BOOL_CONVERSION = YES;
				CLANG_WARN_COMMA = YES;
				CLANG_WARN_CONSTANT_CONVERSION = YES;
				CLANG_WARN_DEPRECATED_OBJC_IMPLEMENTATIONS = YES;
				CLANG_WARN_DIRECT_OBJC_ISA_USAGE = YES_ERROR;
				CLANG_WARN_DOCUMENTATION_COMMENTS = YES;
				CLANG_WARN_EMPTY_BODY = YES;
				CLANG_WARN_ENUM_CONVERSION = YES;
				CLANG_WARN_INFINITE_RECURSION = YES;
				CLANG_WARN_INT_CONVERSION = YES;
				CLANG_WARN_NON_LITERAL_NULL_CONVERSION = YES;
				CLANG_WARN_OBJC_IMPLICIT_RETAIN_SELF = YES;
				CLANG_WARN_OBJC_LITERAL_CONVERSION = YES;
				CLANG_WARN_OBJC_ROOT_CLASS = YES_ERROR;
				CLANG_WARN_QUOTED_INCLUDE_IN_FRAMEWORK_HEADER = YES;
				CLANG_WARN_RANGE_LOOP_ANALYSIS = YES;
				CLANG_WARN_STRICT_PROTOTYPES = YES;
				CLANG_WARN_SUSPICIOUS_MOVE = YES;
				CLANG_WARN_UNGUARDED_AVAILABILITY = YES_AGGRESSIVE;
				CLANG_WARN_UNREACHABLE_CODE = YES;
				CLANG_WARN__DUPLICATE_METHOD_MATCH = YES;
				COPY_PHASE_STRIP = NO;
				DEBUG_INFORMATION_FORMAT = dwarf;
				DEVELOPMENT_TEAM = GGUSC8H6A4;
				ENABLE_STRICT_OBJC_MSGSEND = YES;
				ENABLE_TESTABILITY = YES;
				ENABLE_USER_SCRIPT_SANDBOXING = YES;
				GCC_C_LANGUAGE_STANDARD = gnu17;
				GCC_DYNAMIC_NO_PIC = NO;
				GCC_NO_COMMON_BLOCKS = YES;
				GCC_OPTIMIZATION_LEVEL = 0;
				GCC_PREPROCESSOR_DEFINITIONS = (
					"DEBUG=1",
					"$(inherited)",
				);
				GCC_WARN_64_TO_32_BIT_CONVERSION = YES;
				GCC_WARN_ABOUT_RETURN_TYPE = YES_ERROR;
				GCC_WARN_UNDECLARED_SELECTOR = YES;
				GCC_WARN_UNINITIALIZED_AUTOS = YES_AGGRESSIVE;
				GCC_WARN_UNUSED_FUNCTION = YES;
				GCC_WARN_UNUSED_VARIABLE = YES;
				IPHONEOS_DEPLOYMENT_TARGET = 18.4;
				LOCALIZATION_PREFERS_STRING_CATALOGS = YES;
				MTL_ENABLE_DEBUG_INFO = INCLUDE_SOURCE;
				MTL_FAST_MATH = YES;
				ONLY_ACTIVE_ARCH = YES;
				SDKROOT = iphoneos;
				SWIFT_ACTIVE_COMPILATION_CONDITIONS = "DEBUG $(inherited)";
				SWIFT_OPTIMIZATION_LEVEL = "-Onone";
			};
			name = Debug;
		};
		EB5C10D92DBAC82500B5AA71 /* Release */ = {
			isa = XCBuildConfiguration;
			buildSettings = {
				ALWAYS_SEARCH_USER_PATHS = NO;
				ASSETCATALOG_COMPILER_GENERATE_SWIFT_ASSET_SYMBOL_EXTENSIONS = YES;
				CLANG_ANALYZER_NONNULL = YES;
				CLANG_ANALYZER_NUMBER_OBJECT_CONVERSION = YES_AGGRESSIVE;
				CLANG_CXX_LANGUAGE_STANDARD = "gnu++20";
				CLANG_ENABLE_MODULES = YES;
				CLANG_ENABLE_OBJC_ARC = YES;
				CLANG_ENABLE_OBJC_WEAK = YES;
				CLANG_WARN_BLOCK_CAPTURE_AUTORELEASING = YES;
				CLANG_WARN_BOOL_CONVERSION = YES;
				CLANG_WARN_COMMA = YES;
				CLANG_WARN_CONSTANT_CONVERSION = YES;
				CLANG_WARN_DEPRECATED_OBJC_IMPLEMENTATIONS = YES;
				CLANG_WARN_DIRECT_OBJC_ISA_USAGE = YES_ERROR;
				CLANG_WARN_DOCUMENTATION_COMMENTS = YES;
				CLANG_WARN_EMPTY_BODY = YES;
				CLANG_WARN_ENUM_CONVERSION = YES;
				CLANG_WARN_INFINITE_RECURSION = YES;
				CLANG_WARN_INT_CONVERSION = YES;
				CLANG_WARN_NON_LITERAL_NULL_CONVERSION = YES;
				CLANG_WARN_OBJC_IMPLICIT_RETAIN_SELF = YES;
				CLANG_WARN_OBJC_LITERAL_CONVERSION = YES;
				CLANG_WARN_OBJC_ROOT_CLASS = YES_ERROR;
				CLANG_WARN_QUOTED_INCLUDE_IN_FRAMEWORK_HEADER = YES;
				CLANG_WARN_RANGE_LOOP_ANALYSIS = YES;
				CLANG_WARN_STRICT_PROTOTYPES = YES;
				CLANG_WARN_SUSPICIOUS_MOVE = YES;
				CLANG_WARN_UNGUARDED_AVAILABILITY = YES_AGGRESSIVE;
				CLANG_WARN_UNREACHABLE_CODE = YES;
				CLANG_WARN__DUPLICATE_METHOD_MATCH = YES;
				COPY_PHASE_STRIP = NO;
				DEBUG_INFORMATION_FORMAT = "dwarf-with-dsym";
				DEVELOPMENT_TEAM = GGUSC8H6A4;
				ENABLE_NS_ASSERTIONS = NO;
				ENABLE_STRICT_OBJC_MSGSEND = YES;
				ENABLE_USER_SCRIPT_SANDBOXING = YES;
				GCC_C_LANGUAGE_STANDARD = gnu17;
				GCC_NO_COMMON_BLOCKS = YES;
				GCC_WARN_64_TO_32_BIT_CONVERSION = YES;
				GCC_WARN_ABOUT_RETURN_TYPE = YES_ERROR;
				GCC_WARN_UNDECLARED_SELECTOR = YES;
				GCC_WARN_UNINITIALIZED_AUTOS = YES_AGGRESSIVE;
				GCC_WARN_UNUSED_FUNCTION = YES;
				GCC_WARN_UNUSED_VARIABLE = YES;
				IPHONEOS_DEPLOYMENT_TARGET = 18.4;
				LOCALIZATION_PREFERS_STRING_CATALOGS = YES;
				MTL_ENABLE_DEBUG_INFO = NO;
				MTL_FAST_MATH = YES;
				SDKROOT = iphoneos;
				SWIFT_COMPILATION_MODE = wholemodule;
				VALIDATE_PRODUCT = YES;
			};
			name = Release;
		};
		EB5C10DB2DBAC82500B5AA71 /* Debug */ = {
			isa = XCBuildConfiguration;
			buildSettings = {
				ASSETCATALOG_COMPILER_APPICON_NAME = AppIcon;
				ASSETCATALOG_COMPILER_GLOBAL_ACCENT_COLOR_NAME = AccentColor;
				CODE_SIGN_STYLE = Automatic;
				CURRENT_PROJECT_VERSION = 1;
				DEVELOPMENT_TEAM = GGUSC8H6A4;
				ENABLE_PREVIEWS = YES;
				GENERATE_INFOPLIST_FILE = YES;
				INFOPLIST_KEY_NSLocationAlwaysAndWhenInUseUsageDescription = "5. `Kiwi Weather needs your location to show local weather`";
				INFOPLIST_KEY_NSLocationWhenInUseUsageDescription = "Kiwi Weather needs your location to show local weather";
				INFOPLIST_KEY_UIApplicationSceneManifest_Generation = YES;
				INFOPLIST_KEY_UIApplicationSupportsIndirectInputEvents = YES;
				INFOPLIST_KEY_UILaunchScreen_Generation = YES;
				INFOPLIST_KEY_UILaunchStoryboardName = LaunchScreen;
				INFOPLIST_KEY_UISupportedInterfaceOrientations_iPad = "UIInterfaceOrientationPortrait UIInterfaceOrientationPortraitUpsideDown UIInterfaceOrientationLandscapeLeft UIInterfaceOrientationLandscapeRight";
				INFOPLIST_KEY_UISupportedInterfaceOrientations_iPhone = "UIInterfaceOrientationPortrait UIInterfaceOrientationLandscapeLeft UIInterfaceOrientationLandscapeRight";
				LD_RUNPATH_SEARCH_PATHS = (
					"$(inherited)",
					"@executable_path/Frameworks",
				);
				MARKETING_VERSION = 1.0;
				PRODUCT_BUNDLE_IDENTIFIER = kiwi.KiwiWeatherApp;
				PRODUCT_NAME = "$(TARGET_NAME)";
				SWIFT_EMIT_LOC_STRINGS = YES;
				SWIFT_VERSION = 5.0;
				TARGETED_DEVICE_FAMILY = "1,2";
			};
			name = Debug;
		};
		EB5C10DC2DBAC82500B5AA71 /* Release */ = {
			isa = XCBuildConfiguration;
			buildSettings = {
				ASSETCATALOG_COMPILER_APPICON_NAME = AppIcon;
				ASSETCATALOG_COMPILER_GLOBAL_ACCENT_COLOR_NAME = AccentColor;
				CODE_SIGN_STYLE = Automatic;
				CURRENT_PROJECT_VERSION = 1;
				DEVELOPMENT_TEAM = GGUSC8H6A4;
				ENABLE_PREVIEWS = YES;
				GENERATE_INFOPLIST_FILE = YES;
				INFOPLIST_KEY_NSLocationAlwaysAndWhenInUseUsageDescription = "5. `Kiwi Weather needs your location to show local weather`";
				INFOPLIST_KEY_NSLocationWhenInUseUsageDescription = "Kiwi Weather needs your location to show local weather";
				INFOPLIST_KEY_UIApplicationSceneManifest_Generation = YES;
				INFOPLIST_KEY_UIApplicationSupportsIndirectInputEvents = YES;
				INFOPLIST_KEY_UILaunchScreen_Generation = YES;
				INFOPLIST_KEY_UILaunchStoryboardName = LaunchScreen;
				INFOPLIST_KEY_UISupportedInterfaceOrientations_iPad = "UIInterfaceOrientationPortrait UIInterfaceOrientationPortraitUpsideDown UIInterfaceOrientationLandscapeLeft UIInterfaceOrientationLandscapeRight";
				INFOPLIST_KEY_UISupportedInterfaceOrientations_iPhone = "UIInterfaceOrientationPortrait UIInterfaceOrientationLandscapeLeft UIInterfaceOrientationLandscapeRight";
				LD_RUNPATH_SEARCH_PATHS = (
					"$(inherited)",
					"@executable_path/Frameworks",
				);
				MARKETING_VERSION = 1.0;
				PRODUCT_BUNDLE_IDENTIFIER = kiwi.KiwiWeatherApp;
				PRODUCT_NAME = "$(TARGET_NAME)";
				SWIFT_EMIT_LOC_STRINGS = YES;
				SWIFT_VERSION = 5.0;
				TARGETED_DEVICE_FAMILY = "1,2";
			};
			name = Release;
		};
		EB5C10DE2DBAC82500B5AA71 /* Debug */ = {
			isa = XCBuildConfiguration;
			buildSettings = {
				BUNDLE_LOADER = "$(TEST_HOST)";
				CODE_SIGN_STYLE = Automatic;
				CURRENT_PROJECT_VERSION = 1;
				DEVELOPMENT_TEAM = GGUSC8H6A4;
				GENERATE_INFOPLIST_FILE = YES;
				IPHONEOS_DEPLOYMENT_TARGET = 18.4;
				MARKETING_VERSION = 1.0;
				PRODUCT_BUNDLE_IDENTIFIER = kiwi.KiwiWeatherAppTests;
				PRODUCT_NAME = "$(TARGET_NAME)";
				SWIFT_EMIT_LOC_STRINGS = NO;
				SWIFT_VERSION = 5.0;
				TARGETED_DEVICE_FAMILY = "1,2";
				TEST_HOST = "$(BUILT_PRODUCTS_DIR)/KiwiWeatherApp.app/$(BUNDLE_EXECUTABLE_FOLDER_PATH)/KiwiWeatherApp";
			};
			name = Debug;
		};
		EB5C10DF2DBAC82500B5AA71 /* Release */ = {
			isa = XCBuildConfiguration;
			buildSettings = {
				BUNDLE_LOADER = "$(TEST_HOST)";
				CODE_SIGN_STYLE = Automatic;
				CURRENT_PROJECT_VERSION = 1;
				DEVELOPMENT_TEAM = GGUSC8H6A4;
				GENERATE_INFOPLIST_FILE = YES;
				IPHONEOS_DEPLOYMENT_TARGET = 18.4;
				MARKETING_VERSION = 1.0;
				PRODUCT_BUNDLE_IDENTIFIER = kiwi.KiwiWeatherAppTests;
				PRODUCT_NAME = "$(TARGET_NAME)";
				SWIFT_EMIT_LOC_STRINGS = NO;
				SWIFT_VERSION = 5.0;
				TARGETED_DEVICE_FAMILY = "1,2";
				TEST_HOST = "$(BUILT_PRODUCTS_DIR)/KiwiWeatherApp.app/$(BUNDLE_EXECUTABLE_FOLDER_PATH)/KiwiWeatherApp";
			};
			name = Release;
		};
		EB5C10E12DBAC82500B5AA71 /* Debug */ = {
			isa = XCBuildConfiguration;
			buildSettings = {
				CODE_SIGN_STYLE = Automatic;
				CURRENT_PROJECT_VERSION = 1;
				DEVELOPMENT_TEAM = GGUSC8H6A4;
				GENERATE_INFOPLIST_FILE = YES;
				MARKETING_VERSION = 1.0;
				PRODUCT_BUNDLE_IDENTIFIER = kiwi.KiwiWeatherAppUITests;
				PRODUCT_NAME = "$(TARGET_NAME)";
				SWIFT_EMIT_LOC_STRINGS = NO;
				SWIFT_VERSION = 5.0;
				TARGETED_DEVICE_FAMILY = "1,2";
				TEST_TARGET_NAME = KiwiWeatherApp;
			};
			name = Debug;
		};
		EB5C10E22DBAC82500B5AA71 /* Release */ = {
			isa = XCBuildConfiguration;
			buildSettings = {
				CODE_SIGN_STYLE = Automatic;
				CURRENT_PROJECT_VERSION = 1;
				DEVELOPMENT_TEAM = GGUSC8H6A4;
				GENERATE_INFOPLIST_FILE = YES;
				MARKETING_VERSION = 1.0;
				PRODUCT_BUNDLE_IDENTIFIER = kiwi.KiwiWeatherAppUITests;
				PRODUCT_NAME = "$(TARGET_NAME)";
				SWIFT_EMIT_LOC_STRINGS = NO;
				SWIFT_VERSION = 5.0;
				TARGETED_DEVICE_FAMILY = "1,2";
				TEST_TARGET_NAME = KiwiWeatherApp;
			};
			name = Release;
		};
/* End XCBuildConfiguration section */

/* Begin XCConfigurationList section */
		EB5C10B42DBAC82400B5AA71 /* Build configuration list for PBXProject "KiwiWeatherApp" */ = {
			isa = XCConfigurationList;
			buildConfigurations = (
				EB5C10D82DBAC82500B5AA71 /* Debug */,
				EB5C10D92DBAC82500B5AA71 /* Release */,
			);
			defaultConfigurationIsVisible = 0;
			defaultConfigurationName = Release;
		};
		EB5C10DA2DBAC82500B5AA71 /* Build configuration list for PBXNativeTarget "KiwiWeatherApp" */ = {
			isa = XCConfigurationList;
			buildConfigurations = (
				EB5C10DB2DBAC82500B5AA71 /* Debug */,
				EB5C10DC2DBAC82500B5AA71 /* Release */,
			);
			defaultConfigurationIsVisible = 0;
			defaultConfigurationName = Release;
		};
		EB5C10DD2DBAC82500B5AA71 /* Build configuration list for PBXNativeTarget "KiwiWeatherAppTests" */ = {
			isa = XCConfigurationList;
			buildConfigurations = (
				EB5C10DE2DBAC82500B5AA71 /* Debug */,
				EB5C10DF2DBAC82500B5AA71 /* Release */,
			);
			defaultConfigurationIsVisible = 0;
			defaultConfigurationName = Release;
		};
		EB5C10E02DBAC82500B5AA71 /* Build configuration list for PBXNativeTarget "KiwiWeatherAppUITests" */ = {
			isa = XCConfigurationList;
			buildConfigurations = (
				EB5C10E12DBAC82500B5AA71 /* Debug */,
				EB5C10E22DBAC82500B5AA71 /* Release */,
			);
			defaultConfigurationIsVisible = 0;
			defaultConfigurationName = Release;
		};
/* End XCConfigurationList section */
	};
	rootObject = EB5C10B12DBAC82400B5AA71 /* Project object */;
}
